// !$*UTF8*$!
{
	archiveVersion = 1;
	classes = {
	};
	objectVersion = 46;
	objects = {

/* Begin PBXBuildFile section */
		A78C8E88151FCDA700976F9D /* UIKit.framework in Frameworks */ = {isa = PBXBuildFile; fileRef = A78C8E87151FCDA700976F9D /* UIKit.framework */; };
		A78C8E8A151FCDA700976F9D /* Foundation.framework in Frameworks */ = {isa = PBXBuildFile; fileRef = A78C8E89151FCDA700976F9D /* Foundation.framework */; };
		A78C8E8C151FCDA700976F9D /* CoreGraphics.framework in Frameworks */ = {isa = PBXBuildFile; fileRef = A78C8E8B151FCDA700976F9D /* CoreGraphics.framework */; };
		A78C8E92151FCDA700976F9D /* InfoPlist.strings in Resources */ = {isa = PBXBuildFile; fileRef = A78C8E90151FCDA700976F9D /* InfoPlist.strings */; };
		A78C8E94151FCDA700976F9D /* main.m in Sources */ = {isa = PBXBuildFile; fileRef = A78C8E93151FCDA700976F9D /* main.m */; };
		A78C8E98151FCDA700976F9D /* AppDelegate.m in Sources */ = {isa = PBXBuildFile; fileRef = A78C8E97151FCDA700976F9D /* AppDelegate.m */; };
		A78C8E9B151FCDA700976F9D /* MainStoryboard.storyboard in Resources */ = {isa = PBXBuildFile; fileRef = A78C8E99151FCDA700976F9D /* MainStoryboard.storyboard */; };
		A78C8E9E151FCDA700976F9D /* ViewController.m in Sources */ = {isa = PBXBuildFile; fileRef = A78C8E9D151FCDA700976F9D /* ViewController.m */; };
		A78C8EA6151FCDA700976F9D /* SenTestingKit.framework in Frameworks */ = {isa = PBXBuildFile; fileRef = A78C8EA5151FCDA700976F9D /* SenTestingKit.framework */; };
		A78C8EA7151FCDA800976F9D /* UIKit.framework in Frameworks */ = {isa = PBXBuildFile; fileRef = A78C8E87151FCDA700976F9D /* UIKit.framework */; };
		A78C8EA8151FCDA800976F9D /* Foundation.framework in Frameworks */ = {isa = PBXBuildFile; fileRef = A78C8E89151FCDA700976F9D /* Foundation.framework */; };
		A78C8EB0151FCDA800976F9D /* InfoPlist.strings in Resources */ = {isa = PBXBuildFile; fileRef = A78C8EAE151FCDA800976F9D /* InfoPlist.strings */; };
		A78C8EB3151FCDA800976F9D /* FirstAppTests.m in Sources */ = {isa = PBXBuildFile; fileRef = A78C8EB2151FCDA800976F9D /* FirstAppTests.m */; };
/* End PBXBuildFile section */

/* Begin PBXContainerItemProxy section */
		A78C8EA9151FCDA800976F9D /* PBXContainerItemProxy */ = {
			isa = PBXContainerItemProxy;
			containerPortal = A78C8E7A151FCDA600976F9D /* Project object */;
			proxyType = 1;
			remoteGlobalIDString = A78C8E82151FCDA700976F9D;
			remoteInfo = FirstApp;
		};
/* End PBXContainerItemProxy section */

/* Begin PBXFileReference section */
		A78C8E83151FCDA700976F9D /* FirstApp.app */ = {isa = PBXFileReference; explicitFileType = wrapper.application; includeInIndex = 0; path = FirstApp.app; sourceTree = BUILT_PRODUCTS_DIR; };
		A78C8E87151FCDA700976F9D /* UIKit.framework */ = {isa = PBXFileReference; lastKnownFileType = wrapper.framework; name = UIKit.framework; path = System/Library/Frameworks/UIKit.framework; sourceTree = SDKROOT; };
		A78C8E89151FCDA700976F9D /* Foundation.framework */ = {isa = PBXFileReference; lastKnownFileType = wrapper.framework; name = Foundation.framework; path = System/Library/Frameworks/Foundation.framework; sourceTree = SDKROOT; };
		A78C8E8B151FCDA700976F9D /* CoreGraphics.framework */ = {isa = PBXFileReference; lastKnownFileType = wrapper.framework; name = CoreGraphics.framework; path = System/Library/Frameworks/CoreGraphics.framework; sourceTree = SDKROOT; };
		A78C8E8F151FCDA700976F9D /* FirstApp-Info.plist */ = {isa = PBXFileReference; lastKnownFileType = text.plist.xml; path = "FirstApp-Info.plist"; sourceTree = "<group>"; };
		A78C8E91151FCDA700976F9D /* en */ = {isa = PBXFileReference; lastKnownFileType = text.plist.strings; name = en; path = en.lproj/InfoPlist.strings; sourceTree = "<group>"; };
		A78C8E93151FCDA700976F9D /* main.m */ = {isa = PBXFileReference; lastKnownFileType = sourcecode.c.objc; path = main.m; sourceTree = "<group>"; };
		A78C8E95151FCDA700976F9D /* FirstApp-Prefix.pch */ = {isa = PBXFileReference; lastKnownFileType = sourcecode.c.h; path = "FirstApp-Prefix.pch"; sourceTree = "<group>"; };
		A78C8E96151FCDA700976F9D /* AppDelegate.h */ = {isa = PBXFileReference; lastKnownFileType = sourcecode.c.h; path = AppDelegate.h; sourceTree = "<group>"; };
		A78C8E97151FCDA700976F9D /* AppDelegate.m */ = {isa = PBXFileReference; lastKnownFileType = sourcecode.c.objc; path = AppDelegate.m; sourceTree = "<group>"; };
		A78C8E9A151FCDA700976F9D /* en */ = {isa = PBXFileReference; lastKnownFileType = file.storyboard; name = en; path = en.lproj/MainStoryboard.storyboard; sourceTree = "<group>"; };
		A78C8E9C151FCDA700976F9D /* ViewController.h */ = {isa = PBXFileReference; lastKnownFileType = sourcecode.c.h; path = ViewController.h; sourceTree = "<group>"; };
		A78C8E9D151FCDA700976F9D /* ViewController.m */ = {isa = PBXFileReference; lastKnownFileType = sourcecode.c.objc; path = ViewController.m; sourceTree = "<group>"; };
		A78C8EA4151FCDA700976F9D /* FirstAppTests.octest */ = {isa = PBXFileReference; explicitFileType = wrapper.cfbundle; includeInIndex = 0; path = FirstAppTests.octest; sourceTree = BUILT_PRODUCTS_DIR; };
		A78C8EA5151FCDA700976F9D /* SenTestingKit.framework */ = {isa = PBXFileReference; lastKnownFileType = wrapper.framework; name = SenTestingKit.framework; path = Library/Frameworks/SenTestingKit.framework; sourceTree = DEVELOPER_DIR; };
		A78C8EAD151FCDA800976F9D /* FirstAppTests-Info.plist */ = {isa = PBXFileReference; lastKnownFileType = text.plist.xml; path = "FirstAppTests-Info.plist"; sourceTree = "<group>"; };
		A78C8EAF151FCDA800976F9D /* en */ = {isa = PBXFileReference; lastKnownFileType = text.plist.strings; name = en; path = en.lproj/InfoPlist.strings; sourceTree = "<group>"; };
		A78C8EB1151FCDA800976F9D /* FirstAppTests.h */ = {isa = PBXFileReference; lastKnownFileType = sourcecode.c.h; path = FirstAppTests.h; sourceTree = "<group>"; };
		A78C8EB2151FCDA800976F9D /* FirstAppTests.m */ = {isa = PBXFileReference; lastKnownFileType = sourcecode.c.objc; path = FirstAppTests.m; sourceTree = "<group>"; };
/* End PBXFileReference section */

/* Begin PBXFrameworksBuildPhase section */
		A78C8E80151FCDA700976F9D /* Frameworks */ = {
			isa = PBXFrameworksBuildPhase;
			buildActionMask = 2147483647;
			files = (
				A78C8E88151FCDA700976F9D /* UIKit.framework in Frameworks */,
				A78C8E8A151FCDA700976F9D /* Foundation.framework in Frameworks */,
				A78C8E8C151FCDA700976F9D /* CoreGraphics.framework in Frameworks */,
			);
			runOnlyForDeploymentPostprocessing = 0;
		};
		A78C8EA0151FCDA700976F9D /* Frameworks */ = {
			isa = PBXFrameworksBuildPhase;
			buildActionMask = 2147483647;
			files = (
				A78C8EA6151FCDA700976F9D /* SenTestingKit.framework in Frameworks */,
				A78C8EA7151FCDA800976F9D /* UIKit.framework in Frameworks */,
				A78C8EA8151FCDA800976F9D /* Foundation.framework in Frameworks */,
			);
			runOnlyForDeploymentPostprocessing = 0;
		};
/* End PBXFrameworksBuildPhase section */

/* Begin PBXGroup section */
		A78C8E78151FCDA600976F9D = {
			isa = PBXGroup;
			children = (
				A78C8E8D151FCDA700976F9D /* FirstApp */,
				A78C8EAB151FCDA800976F9D /* FirstAppTests */,
				A78C8E86151FCDA700976F9D /* Frameworks */,
				A78C8E84151FCDA700976F9D /* Products */,
			);
			sourceTree = "<group>";
		};
		A78C8E84151FCDA700976F9D /* Products */ = {
			isa = PBXGroup;
			children = (
				A78C8E83151FCDA700976F9D /* FirstApp.app */,
				A78C8EA4151FCDA700976F9D /* FirstAppTests.octest */,
			);
			name = Products;
			sourceTree = "<group>";
		};
		A78C8E86151FCDA700976F9D /* Frameworks */ = {
			isa = PBXGroup;
			children = (
				A78C8E87151FCDA700976F9D /* UIKit.framework */,
				A78C8E89151FCDA700976F9D /* Foundation.framework */,
				A78C8E8B151FCDA700976F9D /* CoreGraphics.framework */,
				A78C8EA5151FCDA700976F9D /* SenTestingKit.framework */,
			);
			name = Frameworks;
			sourceTree = "<group>";
		};
		A78C8E8D151FCDA700976F9D /* FirstApp */ = {
			isa = PBXGroup;
			children = (
				A78C8E96151FCDA700976F9D /* AppDelegate.h */,
				A78C8E97151FCDA700976F9D /* AppDelegate.m */,
				A78C8E99151FCDA700976F9D /* MainStoryboard.storyboard */,
				A78C8E9C151FCDA700976F9D /* ViewController.h */,
				A78C8E9D151FCDA700976F9D /* ViewController.m */,
				A78C8E8E151FCDA700976F9D /* Supporting Files */,
			);
			path = FirstApp;
			sourceTree = "<group>";
		};
		A78C8E8E151FCDA700976F9D /* Supporting Files */ = {
			isa = PBXGroup;
			children = (
				A78C8E8F151FCDA700976F9D /* FirstApp-Info.plist */,
				A78C8E90151FCDA700976F9D /* InfoPlist.strings */,
				A78C8E93151FCDA700976F9D /* main.m */,
				A78C8E95151FCDA700976F9D /* FirstApp-Prefix.pch */,
			);
			name = "Supporting Files";
			sourceTree = "<group>";
		};
		A78C8EAB151FCDA800976F9D /* FirstAppTests */ = {
			isa = PBXGroup;
			children = (
				A78C8EB1151FCDA800976F9D /* FirstAppTests.h */,
				A78C8EB2151FCDA800976F9D /* FirstAppTests.m */,
				A78C8EAC151FCDA800976F9D /* Supporting Files */,
			);
			path = FirstAppTests;
			sourceTree = "<group>";
		};
		A78C8EAC151FCDA800976F9D /* Supporting Files */ = {
			isa = PBXGroup;
			children = (
				A78C8EAD151FCDA800976F9D /* FirstAppTests-Info.plist */,
				A78C8EAE151FCDA800976F9D /* InfoPlist.strings */,
			);
			name = "Supporting Files";
			sourceTree = "<group>";
		};
/* End PBXGroup section */

/* Begin PBXNativeTarget section */
		A78C8E82151FCDA700976F9D /* FirstApp */ = {
			isa = PBXNativeTarget;
			buildConfigurationList = A78C8EB6151FCDA800976F9D /* Build configuration list for PBXNativeTarget "FirstApp" */;
			buildPhases = (
				A78C8E7F151FCDA700976F9D /* Sources */,
				A78C8E80151FCDA700976F9D /* Frameworks */,
				A78C8E81151FCDA700976F9D /* Resources */,
			);
			buildRules = (
			);
			dependencies = (
			);
			name = FirstApp;
			productName = FirstApp;
			productReference = A78C8E83151FCDA700976F9D /* FirstApp.app */;
			productType = "com.apple.product-type.application";
		};
		A78C8EA3151FCDA700976F9D /* FirstAppTests */ = {
			isa = PBXNativeTarget;
			buildConfigurationList = A78C8EB9151FCDA800976F9D /* Build configuration list for PBXNativeTarget "FirstAppTests" */;
			buildPhases = (
				A78C8E9F151FCDA700976F9D /* Sources */,
				A78C8EA0151FCDA700976F9D /* Frameworks */,
				A78C8EA1151FCDA700976F9D /* Resources */,
				A78C8EA2151FCDA700976F9D /* ShellScript */,
			);
			buildRules = (
			);
			dependencies = (
				A78C8EAA151FCDA800976F9D /* PBXTargetDependency */,
			);
			name = FirstAppTests;
			productName = FirstAppTests;
			productReference = A78C8EA4151FCDA700976F9D /* FirstAppTests.octest */;
			productType = "com.apple.product-type.bundle";
		};
/* End PBXNativeTarget section */

/* Begin PBXProject section */
		A78C8E7A151FCDA600976F9D /* Project object */ = {
			isa = PBXProject;
			attributes = {
				LastUpgradeCheck = 0430;
				ORGANIZATIONNAME = Chalmers;
			};
			buildConfigurationList = A78C8E7D151FCDA600976F9D /* Build configuration list for PBXProject "FirstApp" */;
			compatibilityVersion = "Xcode 3.2";
			developmentRegion = English;
			hasScannedForEncodings = 0;
			knownRegions = (
				en,
			);
			mainGroup = A78C8E78151FCDA600976F9D;
			productRefGroup = A78C8E84151FCDA700976F9D /* Products */;
			projectDirPath = "";
			projectRoot = "";
			targets = (
				A78C8E82151FCDA700976F9D /* FirstApp */,
				A78C8EA3151FCDA700976F9D /* FirstAppTests */,
			);
		};
/* End PBXProject section */

/* Begin PBXResourcesBuildPhase section */
		A78C8E81151FCDA700976F9D /* Resources */ = {
			isa = PBXResourcesBuildPhase;
			buildActionMask = 2147483647;
			files = (
				A78C8E92151FCDA700976F9D /* InfoPlist.strings in Resources */,
				A78C8E9B151FCDA700976F9D /* MainStoryboard.storyboard in Resources */,
			);
			runOnlyForDeploymentPostprocessing = 0;
		};
		A78C8EA1151FCDA700976F9D /* Resources */ = {
			isa = PBXResourcesBuildPhase;
			buildActionMask = 2147483647;
			files = (
				A78C8EB0151FCDA800976F9D /* InfoPlist.strings in Resources */,
			);
			runOnlyForDeploymentPostprocessing = 0;
		};
/* End PBXResourcesBuildPhase section */

/* Begin PBXShellScriptBuildPhase section */
		A78C8EA2151FCDA700976F9D /* ShellScript */ = {
			isa = PBXShellScriptBuildPhase;
			buildActionMask = 2147483647;
			files = (
			);
			inputPaths = (
			);
			outputPaths = (
			);
			runOnlyForDeploymentPostprocessing = 0;
			shellPath = /bin/sh;
			shellScript = "# Run the unit tests in this test bundle.\n\"${SYSTEM_DEVELOPER_DIR}/Tools/RunUnitTests\"\n";
		};
/* End PBXShellScriptBuildPhase section */

/* Begin PBXSourcesBuildPhase section */
		A78C8E7F151FCDA700976F9D /* Sources */ = {
			isa = PBXSourcesBuildPhase;
			buildActionMask = 2147483647;
			files = (
				A78C8E94151FCDA700976F9D /* main.m in Sources */,
				A78C8E98151FCDA700976F9D /* AppDelegate.m in Sources */,
				A78C8E9E151FCDA700976F9D /* ViewController.m in Sources */,
			);
			runOnlyForDeploymentPostprocessing = 0;
		};
		A78C8E9F151FCDA700976F9D /* Sources */ = {
			isa = PBXSourcesBuildPhase;
			buildActionMask = 2147483647;
			files = (
				A78C8EB3151FCDA800976F9D /* FirstAppTests.m in Sources */,
			);
			runOnlyForDeploymentPostprocessing = 0;
		};
/* End PBXSourcesBuildPhase section */

/* Begin PBXTargetDependency section */
		A78C8EAA151FCDA800976F9D /* PBXTargetDependency */ = {
			isa = PBXTargetDependency;
			target = A78C8E82151FCDA700976F9D /* FirstApp */;
			targetProxy = A78C8EA9151FCDA800976F9D /* PBXContainerItemProxy */;
		};
/* End PBXTargetDependency section */

/* Begin PBXVariantGroup section */
		A78C8E90151FCDA700976F9D /* InfoPlist.strings */ = {
			isa = PBXVariantGroup;
			children = (
				A78C8E91151FCDA700976F9D /* en */,
			);
			name = InfoPlist.strings;
			sourceTree = "<group>";
		};
		A78C8E99151FCDA700976F9D /* MainStoryboard.storyboard */ = {
			isa = PBXVariantGroup;
			children = (
				A78C8E9A151FCDA700976F9D /* en */,
			);
			name = MainStoryboard.storyboard;
			sourceTree = "<group>";
		};
		A78C8EAE151FCDA800976F9D /* InfoPlist.strings */ = {
			isa = PBXVariantGroup;
			children = (
				A78C8EAF151FCDA800976F9D /* en */,
			);
			name = InfoPlist.strings;
			sourceTree = "<group>";
		};
/* End PBXVariantGroup section */

/* Begin XCBuildConfiguration section */
		A78C8EB4151FCDA800976F9D /* Debug */ = {
			isa = XCBuildConfiguration;
			buildSettings = {
				ALWAYS_SEARCH_USER_PATHS = NO;
				ARCHS = "$(ARCHS_STANDARD_32_BIT)";
				CLANG_ENABLE_OBJC_ARC = YES;
				"CODE_SIGN_IDENTITY[sdk=iphoneos*]" = "iPhone Developer";
				COPY_PHASE_STRIP = NO;
				GCC_C_LANGUAGE_STANDARD = gnu99;
				GCC_DYNAMIC_NO_PIC = NO;
				GCC_OPTIMIZATION_LEVEL = 0;
				GCC_PREPROCESSOR_DEFINITIONS = (
					"DEBUG=1",
					"$(inherited)",
				);
				GCC_SYMBOLS_PRIVATE_EXTERN = NO;
				GCC_VERSION = com.apple.compilers.llvm.clang.1_0;
				GCC_WARN_ABOUT_RETURN_TYPE = YES;
				GCC_WARN_UNINITIALIZED_AUTOS = YES;
				GCC_WARN_UNUSED_VARIABLE = YES;
				IPHONEOS_DEPLOYMENT_TARGET = 5.1;
				SDKROOT = iphoneos;
			};
			name = Debug;
		};
		A78C8EB5151FCDA800976F9D /* Release */ = {
			isa = XCBuildConfiguration;
			buildSettings = {
				ALWAYS_SEARCH_USER_PATHS = NO;
				ARCHS = "$(ARCHS_STANDARD_32_BIT)";
				CLANG_ENABLE_OBJC_ARC = YES;
				"CODE_SIGN_IDENTITY[sdk=iphoneos*]" = "iPhone Developer";
				COPY_PHASE_STRIP = YES;
				GCC_C_LANGUAGE_STANDARD = gnu99;
				GCC_VERSION = com.apple.compilers.llvm.clang.1_0;
				GCC_WARN_ABOUT_RETURN_TYPE = YES;
				GCC_WARN_UNINITIALIZED_AUTOS = YES;
				GCC_WARN_UNUSED_VARIABLE = YES;
				IPHONEOS_DEPLOYMENT_TARGET = 5.1;
				OTHER_CFLAGS = "-DNS_BLOCK_ASSERTIONS=1";
				SDKROOT = iphoneos;
				VALIDATE_PRODUCT = YES;
			};
			name = Release;
		};
		A78C8EB7151FCDA800976F9D /* Debug */ = {
			isa = XCBuildConfiguration;
			buildSettings = {
				GCC_PRECOMPILE_PREFIX_HEADER = YES;
				GCC_PREFIX_HEADER = "FirstApp/FirstApp-Prefix.pch";
				INFOPLIST_FILE = "FirstApp/FirstApp-Info.plist";
				PRODUCT_NAME = "$(TARGET_NAME)";
				WRAPPER_EXTENSION = app;
			};
			name = Debug;
		};
		A78C8EB8151FCDA800976F9D /* Release */ = {
			isa = XCBuildConfiguration;
			buildSettings = {
				GCC_PRECOMPILE_PREFIX_HEADER = YES;
				GCC_PREFIX_HEADER = "FirstApp/FirstApp-Prefix.pch";
				INFOPLIST_FILE = "FirstApp/FirstApp-Info.plist";
				PRODUCT_NAME = "$(TARGET_NAME)";
				WRAPPER_EXTENSION = app;
			};
			name = Release;
		};
		A78C8EBA151FCDA800976F9D /* Debug */ = {
			isa = XCBuildConfiguration;
			buildSettings = {
				BUNDLE_LOADER = "$(BUILT_PRODUCTS_DIR)/FirstApp.app/FirstApp";
				FRAMEWORK_SEARCH_PATHS = (
					"$(SDKROOT)/Developer/Library/Frameworks",
					"$(DEVELOPER_LIBRARY_DIR)/Frameworks",
				);
				GCC_PRECOMPILE_PREFIX_HEADER = YES;
				GCC_PREFIX_HEADER = "FirstApp/FirstApp-Prefix.pch";
				INFOPLIST_FILE = "FirstAppTests/FirstAppTests-Info.plist";
				PRODUCT_NAME = "$(TARGET_NAME)";
				TEST_HOST = "$(BUNDLE_LOADER)";
				WRAPPER_EXTENSION = octest;
			};
			name = Debug;
		};
		A78C8EBB151FCDA800976F9D /* Release */ = {
			isa = XCBuildConfiguration;
			buildSettings = {
				BUNDLE_LOADER = "$(BUILT_PRODUCTS_DIR)/FirstApp.app/FirstApp";
				FRAMEWORK_SEARCH_PATHS = (
					"$(SDKROOT)/Developer/Library/Frameworks",
					"$(DEVELOPER_LIBRARY_DIR)/Frameworks",
				);
				GCC_PRECOMPILE_PREFIX_HEADER = YES;
				GCC_PREFIX_HEADER = "FirstApp/FirstApp-Prefix.pch";
				INFOPLIST_FILE = "FirstAppTests/FirstAppTests-Info.plist";
				PRODUCT_NAME = "$(TARGET_NAME)";
				TEST_HOST = "$(BUNDLE_LOADER)";
				WRAPPER_EXTENSION = octest;
			};
			name = Release;
		};
/* End XCBuildConfiguration section */

/* Begin XCConfigurationList section */
		A78C8E7D151FCDA600976F9D /* Build configuration list for PBXProject "FirstApp" */ = {
			isa = XCConfigurationList;
			buildConfigurations = (
				A78C8EB4151FCDA800976F9D /* Debug */,
				A78C8EB5151FCDA800976F9D /* Release */,
			);
			defaultConfigurationIsVisible = 0;
			defaultConfigurationName = Release;
		};
		A78C8EB6151FCDA800976F9D /* Build configuration list for PBXNativeTarget "FirstApp" */ = {
			isa = XCConfigurationList;
			buildConfigurations = (
				A78C8EB7151FCDA800976F9D /* Debug */,
				A78C8EB8151FCDA800976F9D /* Release */,
			);
			defaultConfigurationIsVisible = 0;
		};
		A78C8EB9151FCDA800976F9D /* Build configuration list for PBXNativeTarget "FirstAppTests" */ = {
			isa = XCConfigurationList;
			buildConfigurations = (
				A78C8EBA151FCDA800976F9D /* Debug */,
				A78C8EBB151FCDA800976F9D /* Release */,
			);
			defaultConfigurationIsVisible = 0;
		};
/* End XCConfigurationList section */
	};
	rootObject = A78C8E7A151FCDA600976F9D /* Project object */;
}
